# This file is automatically @generated by Poetry 1.5.1 and should not be changed by hand.

[[package]]
name = "asgiref"
version = "3.7.2"
description = "ASGI specs, helper code, and adapters"
optional = false
python-versions = ">=3.7"
files = [
    {file = "asgiref-3.7.2-py3-none-any.whl", hash = "sha256:89b2ef2247e3b562a16eef663bc0e2e703ec6468e2fa8a5cd61cd449786d4f6e"},
    {file = "asgiref-3.7.2.tar.gz", hash = "sha256:9e0ce3aa93a819ba5b45120216b23878cf6e8525eb3848653452b4192b92afed"},
]

[package.dependencies]
typing-extensions = {version = ">=4", markers = "python_version < \"3.11\""}

[package.extras]
tests = ["mypy (>=0.800)", "pytest", "pytest-asyncio"]

[[package]]
name = "async-timeout"
version = "4.0.2"
description = "Timeout context manager for asyncio programs"
optional = false
python-versions = ">=3.6"
files = [
    {file = "async-timeout-4.0.2.tar.gz", hash = "sha256:2163e1640ddb52b7a8c80d0a67a08587e5d245cc9c553a74a847056bc2976b15"},
    {file = "async_timeout-4.0.2-py3-none-any.whl", hash = "sha256:8ca1e4fcf50d07413d66d1a5e416e42cfdf5851c981d679a09851a6853383b3c"},
]

[[package]]
name = "bleach"
version = "6.0.0"
description = "An easy safelist-based HTML-sanitizing tool."
optional = false
python-versions = ">=3.7"
files = [
    {file = "bleach-6.0.0-py3-none-any.whl", hash = "sha256:33c16e3353dbd13028ab4799a0f89a83f113405c766e9c122df8a06f5b85b3f4"},
    {file = "bleach-6.0.0.tar.gz", hash = "sha256:1a1a85c1595e07d8db14c5f09f09e6433502c51c595970edc090551f0db99414"},
]

[package.dependencies]
six = ">=1.9.0"
webencodings = "*"

[package.extras]
css = ["tinycss2 (>=1.1.0,<1.2)"]

[[package]]
name = "channels"
version = "4.0.0"
description = "Brings async, event-driven capabilities to Django 3.2 and up."
optional = false
python-versions = ">=3.7"
files = [
    {file = "channels-4.0.0-py3-none-any.whl", hash = "sha256:2253334ac76f67cba68c2072273f7e0e67dbdac77eeb7e318f511d2f9a53c5e4"},
    {file = "channels-4.0.0.tar.gz", hash = "sha256:0ce53507a7da7b148eaa454526e0e05f7da5e5d1c23440e4886cf146981d8420"},
]

[package.dependencies]
asgiref = ">=3.5.0,<4"
Django = ">=3.2"

[package.extras]
daphne = ["daphne (>=4.0.0)"]
tests = ["async-timeout", "coverage (>=4.5,<5.0)", "pytest", "pytest-asyncio", "pytest-django"]

[[package]]
name = "channels-redis"
version = "4.1.0"
description = "Redis-backed ASGI channel layer implementation"
optional = false
python-versions = ">=3.7"
files = [
    {file = "channels_redis-4.1.0-py3-none-any.whl", hash = "sha256:3696f5b9fe367ea495d402ba83d7c3c99e8ca0e1354ff8d913535976ed0abf73"},
    {file = "channels_redis-4.1.0.tar.gz", hash = "sha256:6bd4f75f4ab4a7db17cee495593ace886d7e914c66f8214a1f247ff6659c073a"},
]

[package.dependencies]
asgiref = ">=3.2.10,<4"
channels = "*"
msgpack = ">=1.0,<2.0"
redis = ">=4.5.3"

[package.extras]
cryptography = ["cryptography (>=1.3.0)"]
tests = ["async-timeout", "cryptography (>=1.3.0)", "pytest", "pytest-asyncio", "pytest-timeout"]

[[package]]
name = "cssutils"
version = "2.7.1"
description = "A CSS Cascading Style Sheets library for Python"
optional = false
python-versions = ">=3.7"
files = [
    {file = "cssutils-2.7.1-py3-none-any.whl", hash = "sha256:1e92e0d9dab2ec8af9f38d715393964ba533dc3beacab9b072511dfc241db775"},
    {file = "cssutils-2.7.1.tar.gz", hash = "sha256:340ecfd9835d21df8f98500f0dfcea0aee41cb4e19ecbc2cf94f0a6d36d7cb6c"},
]

[package.extras]
docs = ["furo", "jaraco.packaging (>=9)", "jaraco.tidelift (>=1.4)", "rst.linker (>=1.9)", "sphinx (>=3.5)", "sphinx-lint"]
testing = ["cssselect", "importlib-resources", "jaraco.test (>=5.1)", "lxml", "pytest (>=6)", "pytest-black (>=0.3.7)", "pytest-checkdocs (>=2.4)", "pytest-cov", "pytest-enabler (>=1.3)", "pytest-mypy (>=0.9.1)", "pytest-ruff"]

[[package]]
name = "django"
version = "4.2.2"
description = "A high-level Python web framework that encourages rapid development and clean, pragmatic design."
optional = false
python-versions = ">=3.8"
files = [
    {file = "Django-4.2.2-py3-none-any.whl", hash = "sha256:672b3fa81e1f853bb58be1b51754108ab4ffa12a77c06db86aa8df9ed0c46fe5"},
    {file = "Django-4.2.2.tar.gz", hash = "sha256:2a6b6fbff5b59dd07bef10bcb019bee2ea97a30b2a656d51346596724324badf"},
]

[package.dependencies]
asgiref = ">=3.6.0,<4"
sqlparse = ">=0.3.1"
tzdata = {version = "*", markers = "sys_platform == \"win32\""}

[package.extras]
argon2 = ["argon2-cffi (>=19.1.0)"]
bcrypt = ["bcrypt"]

[[package]]
name = "django-turbo-response"
version = "0.0.52"
description = "Hotwired/Turbo response helpers for Django"
optional = false
python-versions = ">=3.8"
files = [
    {file = "django-turbo-response-0.0.52.tar.gz", hash = "sha256:3080658a1630f8bada03fa3a9c42866615ea347dab225b0b30d9e947a1ca8a9b"},
    {file = "django_turbo_response-0.0.52-py3-none-any.whl", hash = "sha256:1b033d765e5df2dc3a6eaa09ef152a0a17b6d72902c76e815805dcb4698411d3"},
]

[[package]]
name = "install"
version = "1.3.5"
description = "Install packages from within code"
optional = false
python-versions = ">=2.7, >=3.5"
files = [
    {file = "install-1.3.5-py3-none-any.whl", hash = "sha256:0d3fadf4aa62c95efe8d34757c8507eb46177f86c016c21c6551eafc6a53d5a9"},
    {file = "install-1.3.5.tar.gz", hash = "sha256:e67c8a0be5ccf8cb4ffa17d090f3a61b6e820e6a7e21cd1d2c0f7bc59b18e647"},
]

[[package]]
name = "msgpack"
version = "1.0.5"
description = "MessagePack serializer"
optional = false
python-versions = "*"
files = [
    {file = "msgpack-1.0.5-cp310-cp310-macosx_10_9_universal2.whl", hash = "sha256:525228efd79bb831cf6830a732e2e80bc1b05436b086d4264814b4b2955b2fa9"},
    {file = "msgpack-1.0.5-cp310-cp310-macosx_10_9_x86_64.whl", hash = "sha256:4f8d8b3bf1ff2672567d6b5c725a1b347fe838b912772aa8ae2bf70338d5a198"},
    {file = "msgpack-1.0.5-cp310-cp310-macosx_11_0_arm64.whl", hash = "sha256:cdc793c50be3f01106245a61b739328f7dccc2c648b501e237f0699fe1395b81"},
    {file = "msgpack-1.0.5-cp310-cp310-manylinux_2_17_aarch64.manylinux2014_aarch64.whl", hash = "sha256:5cb47c21a8a65b165ce29f2bec852790cbc04936f502966768e4aae9fa763cb7"},
    {file = "msgpack-1.0.5-cp310-cp310-manylinux_2_17_x86_64.manylinux2014_x86_64.whl", hash = "sha256:e42b9594cc3bf4d838d67d6ed62b9e59e201862a25e9a157019e171fbe672dd3"},
    {file = "msgpack-1.0.5-cp310-cp310-manylinux_2_5_i686.manylinux1_i686.manylinux_2_17_i686.manylinux2014_i686.whl", hash = "sha256:55b56a24893105dc52c1253649b60f475f36b3aa0fc66115bffafb624d7cb30b"},
    {file = "msgpack-1.0.5-cp310-cp310-musllinux_1_1_aarch64.whl", hash = "sha256:1967f6129fc50a43bfe0951c35acbb729be89a55d849fab7686004da85103f1c"},
    {file = "msgpack-1.0.5-cp310-cp310-musllinux_1_1_i686.whl", hash = "sha256:20a97bf595a232c3ee6d57ddaadd5453d174a52594bf9c21d10407e2a2d9b3bd"},
    {file = "msgpack-1.0.5-cp310-cp310-musllinux_1_1_x86_64.whl", hash = "sha256:d25dd59bbbbb996eacf7be6b4ad082ed7eacc4e8f3d2df1ba43822da9bfa122a"},
    {file = "msgpack-1.0.5-cp310-cp310-win32.whl", hash = "sha256:382b2c77589331f2cb80b67cc058c00f225e19827dbc818d700f61513ab47bea"},
    {file = "msgpack-1.0.5-cp310-cp310-win_amd64.whl", hash = "sha256:4867aa2df9e2a5fa5f76d7d5565d25ec76e84c106b55509e78c1ede0f152659a"},
    {file = "msgpack-1.0.5-cp311-cp311-macosx_10_9_universal2.whl", hash = "sha256:9f5ae84c5c8a857ec44dc180a8b0cc08238e021f57abdf51a8182e915e6299f0"},
    {file = "msgpack-1.0.5-cp311-cp311-macosx_10_9_x86_64.whl", hash = "sha256:9e6ca5d5699bcd89ae605c150aee83b5321f2115695e741b99618f4856c50898"},
    {file = "msgpack-1.0.5-cp311-cp311-macosx_11_0_arm64.whl", hash = "sha256:5494ea30d517a3576749cad32fa27f7585c65f5f38309c88c6d137877fa28a5a"},
    {file = "msgpack-1.0.5-cp311-cp311-manylinux_2_17_aarch64.manylinux2014_aarch64.whl", hash = "sha256:1ab2f3331cb1b54165976a9d976cb251a83183631c88076613c6c780f0d6e45a"},
    {file = "msgpack-1.0.5-cp311-cp311-manylinux_2_17_x86_64.manylinux2014_x86_64.whl", hash = "sha256:28592e20bbb1620848256ebc105fc420436af59515793ed27d5c77a217477705"},
    {file = "msgpack-1.0.5-cp311-cp311-manylinux_2_5_i686.manylinux1_i686.manylinux_2_17_i686.manylinux2014_i686.whl", hash = "sha256:fe5c63197c55bce6385d9aee16c4d0641684628f63ace85f73571e65ad1c1e8d"},
    {file = "msgpack-1.0.5-cp311-cp311-musllinux_1_1_aarch64.whl", hash = "sha256:ed40e926fa2f297e8a653c954b732f125ef97bdd4c889f243182299de27e2aa9"},
    {file = "msgpack-1.0.5-cp311-cp311-musllinux_1_1_i686.whl", hash = "sha256:b2de4c1c0538dcb7010902a2b97f4e00fc4ddf2c8cda9749af0e594d3b7fa3d7"},
    {file = "msgpack-1.0.5-cp311-cp311-musllinux_1_1_x86_64.whl", hash = "sha256:bf22a83f973b50f9d38e55c6aade04c41ddda19b00c4ebc558930d78eecc64ed"},
    {file = "msgpack-1.0.5-cp311-cp311-win32.whl", hash = "sha256:c396e2cc213d12ce017b686e0f53497f94f8ba2b24799c25d913d46c08ec422c"},
    {file = "msgpack-1.0.5-cp311-cp311-win_amd64.whl", hash = "sha256:6c4c68d87497f66f96d50142a2b73b97972130d93677ce930718f68828b382e2"},
    {file = "msgpack-1.0.5-cp36-cp36m-macosx_10_9_x86_64.whl", hash = "sha256:a2b031c2e9b9af485d5e3c4520f4220d74f4d222a5b8dc8c1a3ab9448ca79c57"},
    {file = "msgpack-1.0.5-cp36-cp36m-manylinux_2_17_aarch64.manylinux2014_aarch64.whl", hash = "sha256:4f837b93669ce4336e24d08286c38761132bc7ab29782727f8557e1eb21b2080"},
    {file = "msgpack-1.0.5-cp36-cp36m-manylinux_2_17_x86_64.manylinux2014_x86_64.whl", hash = "sha256:b1d46dfe3832660f53b13b925d4e0fa1432b00f5f7210eb3ad3bb9a13c6204a6"},
    {file = "msgpack-1.0.5-cp36-cp36m-manylinux_2_5_i686.manylinux1_i686.manylinux_2_17_i686.manylinux2014_i686.whl", hash = "sha256:366c9a7b9057e1547f4ad51d8facad8b406bab69c7d72c0eb6f529cf76d4b85f"},
    {file = "msgpack-1.0.5-cp36-cp36m-musllinux_1_1_aarch64.whl", hash = "sha256:4c075728a1095efd0634a7dccb06204919a2f67d1893b6aa8e00497258bf926c"},
    {file = "msgpack-1.0.5-cp36-cp36m-musllinux_1_1_i686.whl", hash = "sha256:f933bbda5a3ee63b8834179096923b094b76f0c7a73c1cfe8f07ad608c58844b"},
    {file = "msgpack-1.0.5-cp36-cp36m-musllinux_1_1_x86_64.whl", hash = "sha256:36961b0568c36027c76e2ae3ca1132e35123dcec0706c4b7992683cc26c1320c"},
    {file = "msgpack-1.0.5-cp36-cp36m-win32.whl", hash = "sha256:b5ef2f015b95f912c2fcab19c36814963b5463f1fb9049846994b007962743e9"},
    {file = "msgpack-1.0.5-cp36-cp36m-win_amd64.whl", hash = "sha256:288e32b47e67f7b171f86b030e527e302c91bd3f40fd9033483f2cacc37f327a"},
    {file = "msgpack-1.0.5-cp37-cp37m-macosx_10_9_x86_64.whl", hash = "sha256:137850656634abddfb88236008339fdaba3178f4751b28f270d2ebe77a563b6c"},
    {file = "msgpack-1.0.5-cp37-cp37m-manylinux_2_17_aarch64.manylinux2014_aarch64.whl", hash = "sha256:0c05a4a96585525916b109bb85f8cb6511db1c6f5b9d9cbcbc940dc6b4be944b"},
    {file = "msgpack-1.0.5-cp37-cp37m-manylinux_2_17_x86_64.manylinux2014_x86_64.whl", hash = "sha256:56a62ec00b636583e5cb6ad313bbed36bb7ead5fa3a3e38938503142c72cba4f"},
    {file = "msgpack-1.0.5-cp37-cp37m-manylinux_2_5_i686.manylinux1_i686.manylinux_2_17_i686.manylinux2014_i686.whl", hash = "sha256:ef8108f8dedf204bb7b42994abf93882da1159728a2d4c5e82012edd92c9da9f"},
    {file = "msgpack-1.0.5-cp37-cp37m-musllinux_1_1_aarch64.whl", hash = "sha256:1835c84d65f46900920b3708f5ba829fb19b1096c1800ad60bae8418652a951d"},
    {file = "msgpack-1.0.5-cp37-cp37m-musllinux_1_1_i686.whl", hash = "sha256:e57916ef1bd0fee4f21c4600e9d1da352d8816b52a599c46460e93a6e9f17086"},
    {file = "msgpack-1.0.5-cp37-cp37m-musllinux_1_1_x86_64.whl", hash = "sha256:17358523b85973e5f242ad74aa4712b7ee560715562554aa2134d96e7aa4cbbf"},
    {file = "msgpack-1.0.5-cp37-cp37m-win32.whl", hash = "sha256:cb5aaa8c17760909ec6cb15e744c3ebc2ca8918e727216e79607b7bbce9c8f77"},
    {file = "msgpack-1.0.5-cp37-cp37m-win_amd64.whl", hash = "sha256:ab31e908d8424d55601ad7075e471b7d0140d4d3dd3272daf39c5c19d936bd82"},
    {file = "msgpack-1.0.5-cp38-cp38-macosx_10_9_universal2.whl", hash = "sha256:b72d0698f86e8d9ddf9442bdedec15b71df3598199ba33322d9711a19f08145c"},
    {file = "msgpack-1.0.5-cp38-cp38-macosx_10_9_x86_64.whl", hash = "sha256:379026812e49258016dd84ad79ac8446922234d498058ae1d415f04b522d5b2d"},
    {file = "msgpack-1.0.5-cp38-cp38-macosx_11_0_arm64.whl", hash = "sha256:332360ff25469c346a1c5e47cbe2a725517919892eda5cfaffe6046656f0b7bb"},
    {file = "msgpack-1.0.5-cp38-cp38-manylinux_2_17_aarch64.manylinux2014_aarch64.whl", hash = "sha256:476a8fe8fae289fdf273d6d2a6cb6e35b5a58541693e8f9f019bfe990a51e4ba"},
    {file = "msgpack-1.0.5-cp38-cp38-manylinux_2_17_x86_64.manylinux2014_x86_64.whl", hash = "sha256:a9985b214f33311df47e274eb788a5893a761d025e2b92c723ba4c63936b69b1"},
    {file = "msgpack-1.0.5-cp38-cp38-manylinux_2_5_i686.manylinux1_i686.manylinux_2_17_i686.manylinux2014_i686.whl", hash = "sha256:48296af57cdb1d885843afd73c4656be5c76c0c6328db3440c9601a98f303d87"},
    {file = "msgpack-1.0.5-cp38-cp38-musllinux_1_1_aarch64.whl", hash = "sha256:addab7e2e1fcc04bd08e4eb631c2a90960c340e40dfc4a5e24d2ff0d5a3b3edb"},
    {file = "msgpack-1.0.5-cp38-cp38-musllinux_1_1_i686.whl", hash = "sha256:916723458c25dfb77ff07f4c66aed34e47503b2eb3188b3adbec8d8aa6e00f48"},
    {file = "msgpack-1.0.5-cp38-cp38-musllinux_1_1_x86_64.whl", hash = "sha256:821c7e677cc6acf0fd3f7ac664c98803827ae6de594a9f99563e48c5a2f27eb0"},
    {file = "msgpack-1.0.5-cp38-cp38-win32.whl", hash = "sha256:1c0f7c47f0087ffda62961d425e4407961a7ffd2aa004c81b9c07d9269512f6e"},
    {file = "msgpack-1.0.5-cp38-cp38-win_amd64.whl", hash = "sha256:bae7de2026cbfe3782c8b78b0db9cbfc5455e079f1937cb0ab8d133496ac55e1"},
    {file = "msgpack-1.0.5-cp39-cp39-macosx_10_9_universal2.whl", hash = "sha256:20c784e66b613c7f16f632e7b5e8a1651aa5702463d61394671ba07b2fc9e025"},
    {file = "msgpack-1.0.5-cp39-cp39-macosx_10_9_x86_64.whl", hash = "sha256:266fa4202c0eb94d26822d9bfd7af25d1e2c088927fe8de9033d929dd5ba24c5"},
    {file = "msgpack-1.0.5-cp39-cp39-macosx_11_0_arm64.whl", hash = "sha256:18334484eafc2b1aa47a6d42427da7fa8f2ab3d60b674120bce7a895a0a85bdd"},
    {file = "msgpack-1.0.5-cp39-cp39-manylinux_2_17_aarch64.manylinux2014_aarch64.whl", hash = "sha256:57e1f3528bd95cc44684beda696f74d3aaa8a5e58c816214b9046512240ef437"},
    {file = "msgpack-1.0.5-cp39-cp39-manylinux_2_17_x86_64.manylinux2014_x86_64.whl", hash = "sha256:586d0d636f9a628ddc6a17bfd45aa5b5efaf1606d2b60fa5d87b8986326e933f"},
    {file = "msgpack-1.0.5-cp39-cp39-manylinux_2_5_i686.manylinux1_i686.manylinux_2_17_i686.manylinux2014_i686.whl", hash = "sha256:a740fa0e4087a734455f0fc3abf5e746004c9da72fbd541e9b113013c8dc3282"},
    {file = "msgpack-1.0.5-cp39-cp39-musllinux_1_1_aarch64.whl", hash = "sha256:3055b0455e45810820db1f29d900bf39466df96ddca11dfa6d074fa47054376d"},
    {file = "msgpack-1.0.5-cp39-cp39-musllinux_1_1_i686.whl", hash = "sha256:a61215eac016f391129a013c9e46f3ab308db5f5ec9f25811e811f96962599a8"},
    {file = "msgpack-1.0.5-cp39-cp39-musllinux_1_1_x86_64.whl", hash = "sha256:362d9655cd369b08fda06b6657a303eb7172d5279997abe094512e919cf74b11"},
    {file = "msgpack-1.0.5-cp39-cp39-win32.whl", hash = "sha256:ac9dd47af78cae935901a9a500104e2dea2e253207c924cc95de149606dc43cc"},
    {file = "msgpack-1.0.5-cp39-cp39-win_amd64.whl", hash = "sha256:06f5174b5f8ed0ed919da0e62cbd4ffde676a374aba4020034da05fab67b9164"},
    {file = "msgpack-1.0.5.tar.gz", hash = "sha256:c075544284eadc5cddc70f4757331d99dcbc16b2bbd4849d15f8aae4cf36d31c"},
]

[[package]]
name = "pip"
version = "23.2.1"
description = "The PyPA recommended tool for installing Python packages."
optional = false
python-versions = ">=3.7"
files = [
    {file = "pip-23.2.1-py3-none-any.whl", hash = "sha256:7ccf472345f20d35bdc9d1841ff5f313260c2c33fe417f48c30ac46cccabf5be"},
    {file = "pip-23.2.1.tar.gz", hash = "sha256:fb0bd5435b3200c602b5bf61d2d43c2f13c02e29c1707567ae7fbc514eb9faf2"},
]

[[package]]
name = "redis"
version = "4.6.0"
description = "Python client for Redis database and key-value store"
optional = false
python-versions = ">=3.7"
files = [
    {file = "redis-4.6.0-py3-none-any.whl", hash = "sha256:e2b03db868160ee4591de3cb90d40ebb50a90dd302138775937f6a42b7ed183c"},
    {file = "redis-4.6.0.tar.gz", hash = "sha256:585dc516b9eb042a619ef0a39c3d7d55fe81bdb4df09a52c9cdde0d07bf1aa7d"},
]

[package.dependencies]
async-timeout = {version = ">=4.0.2", markers = "python_full_version <= \"3.11.2\""}

[package.extras]
hiredis = ["hiredis (>=1.0.0)"]
ocsp = ["cryptography (>=36.0.1)", "pyopenssl (==20.0.1)", "requests (>=2.26.0)"]

[[package]]
name = "six"
version = "1.16.0"
description = "Python 2 and 3 compatibility utilities"
optional = false
python-versions = ">=2.7, !=3.0.*, !=3.1.*, !=3.2.*"
files = [
    {file = "six-1.16.0-py2.py3-none-any.whl", hash = "sha256:8abb2f1d86890a2dfb989f9a77cfcfd3e47c2a354b01111771326f8aa26e0254"},
    {file = "six-1.16.0.tar.gz", hash = "sha256:1e61c37477a1626458e36f7b1d82aa5c9b094fa4802892072e49de9c60c4c926"},
]

[[package]]
name = "sqlparse"
version = "0.4.4"
description = "A non-validating SQL parser."
optional = false
python-versions = ">=3.5"
files = [
    {file = "sqlparse-0.4.4-py3-none-any.whl", hash = "sha256:5430a4fe2ac7d0f93e66f1efc6e1338a41884b7ddf2a350cedd20ccc4d9d28f3"},
    {file = "sqlparse-0.4.4.tar.gz", hash = "sha256:d446183e84b8349fa3061f0fe7f06ca94ba65b426946ffebe6e3e8295332420c"},
]

[package.extras]
dev = ["build", "flake8"]
doc = ["sphinx"]
test = ["pytest", "pytest-cov"]

[[package]]
name = "turbo-django"
version = "0.4.3"
description = "Integrate Hotwire Turbo with Django allowing for a Python-driven dynamic web experience."
optional = false
python-versions = ">=3.8,<4.0"
files = [
    {file = "turbo-django-0.4.3.tar.gz", hash = "sha256:f897ca399b77d47fbe48a3d4a8a0af4554051246a150963c0b99f49b559766fe"},
    {file = "turbo_django-0.4.3-py3-none-any.whl", hash = "sha256:7db1469752d7020a86b22710546bc9ebb551e66f9cb5e1859e19de8c84d9ac03"},
]

[package.dependencies]
channels = ">=2.0.0"
Django = ">=3.2.0"

[[package]]
name = "typing-extensions"
version = "4.6.3"
description = "Backported and Experimental Type Hints for Python 3.7+"
optional = false
python-versions = ">=3.7"
files = [
    {file = "typing_extensions-4.6.3-py3-none-any.whl", hash = "sha256:88a4153d8505aabbb4e13aacb7c486c2b4a33ca3b3f807914a9b4c844c471c26"},
    {file = "typing_extensions-4.6.3.tar.gz", hash = "sha256:d91d5919357fe7f681a9f2b5b4cb2a5f1ef0a1e9f59c4d8ff0d3491e05c0ffd5"},
]

[[package]]
name = "tzdata"
version = "2023.3"
description = "Provider of IANA time zone data"
optional = false
python-versions = ">=2"
files = [
    {file = "tzdata-2023.3-py2.py3-none-any.whl", hash = "sha256:7e65763eef3120314099b6939b5546db7adce1e7d6f2e179e3df563c70511eda"},
    {file = "tzdata-2023.3.tar.gz", hash = "sha256:11ef1e08e54acb0d4f95bdb1be05da659673de4acbd21bf9c69e94cc5e907a3a"},
]

[[package]]
name = "webencodings"
version = "0.5.1"
description = "Character encoding aliases for legacy web content"
optional = false
python-versions = "*"
files = [
    {file = "webencodings-0.5.1-py2.py3-none-any.whl", hash = "sha256:a0af1213f3c2226497a97e2b3aa01a7e4bee4f403f95be16fc9acd2947514a78"},
    {file = "webencodings-0.5.1.tar.gz", hash = "sha256:b36a1c245f2d304965eb4e0a82848379241dc04b865afcc4aab16748587e1923"},
]

[metadata]
lock-version = "2.0"
python-versions = "^3.9"
content-hash = "0c35576866b1f7b698f0db79ba5996a6c62754b31a0a3dec932ce0c0c847876e"
